{
  "name": "hugo-testing",
  "version": "1.0.0",
  "lockfileVersion": 3,
  "requires": true,
  "packages": {
    "": {
      "name": "hugo-testing",
      "version": "1.0.0",
      "license": "ISC",
      "dependencies": {
        "@hugomods/lorem-ipsum-generator": "^0.2.2"
      }
    },
    "node_modules/@hugomods/lorem-ipsum-generator": {
      "version": "0.2.2",
      "resolved": "https://registry.npmjs.org/@hugomods/lorem-ipsum-generator/-/lorem-ipsum-generator-0.2.2.tgz",
      "integrity": "sha512-XFTXh4ZyY78Y8oZX0EnKM8gWhcA0ndueT9XW5eeEf36riHkRVE7h3KkrvkuB+IhS21CYNf8eSgtu2l9h6YBrFw==",
      "license": "MIT",
      "dependencies": {
        "commander": "^12.1.0",
        "lorem-ipsum": "^2.0.8",
        "mustache": "^4.2.0",
        "randomstring": "^1.3.0"
      },
      "bin": {
        "lorem-ipsum-generator": "index.js"
      }
    },
    "node_modules/commander": {
      "version": "12.1.0",
      "resolved": "https://registry.npmjs.org/commander/-/commander-12.1.0.tgz",
      "integrity": "sha512-Vw8qHK3bZM9y/P10u3Vib8o/DdkvA2OtPtZvD871QKjy74Wj1WSKFILMPRPSdUSx5RFK1arlJzEtA4PkFgnbuA==",
      "license": "MIT",
      "engines": {
        "node": ">=18"
      }
    },
    "node_modules/lorem-ipsum": {
      "version": "2.0.8",
      "resolved": "https://registry.npmjs.org/lorem-ipsum/-/lorem-ipsum-2.0.8.tgz",
      "integrity": "sha512-5RIwHuCb979RASgCJH0VKERn9cQo/+NcAi2BMe9ddj+gp7hujl6BI+qdOG4nVsLDpwWEJwTVYXNKP6BGgbcoGA==",
      "license": "ISC",
      "dependencies": {
        "commander": "^9.3.0"
      },
      "bin": {
        "lorem-ipsum": "dist/bin/lorem-ipsum.bin.js"
      },
      "engines": {
        "node": ">= 8.x",
        "npm": ">= 5.x"
      }
    },
    "node_modules/lorem-ipsum/node_modules/commander": {
      "version": "9.5.0",
      "resolved": "https://registry.npmjs.org/commander/-/commander-9.5.0.tgz",
      "integrity": "sha512-KRs7WVDKg86PWiuAqhDrAQnTXZKraVcCc6vFdL14qrZ/DcWwuRo7VoiYXalXO7S5GKpqYiVEwCbgFDfxNHKJBQ==",
      "license": "MIT",
      "engines": {
        "node": "^12.20.0 || >=14"
      }
    },
    "node_modules/mustache": {
      "version": "4.2.0",
      "resolved": "https://registry.npmjs.org/mustache/-/mustache-4.2.0.tgz",
      "integrity": "sha512-71ippSywq5Yb7/tVYyGbkBggbU8H3u5Rz56fH60jGFgr8uHwxs+aSKeqmluIVzM0m0kB7xQjKS6qPfd0b2ZoqQ==",
      "license": "MIT",
      "bin": {
        "mustache": "bin/mustache"
      }
    },
    "node_modules/randombytes": {
      "version": "2.0.3",
      "resolved": "https://registry.npmjs.org/randombytes/-/randombytes-2.0.3.tgz",
      "integrity": "sha512-lDVjxQQFoCG1jcrP06LNo2lbWp4QTShEXnhActFBwYuHprllQV6VUpwreApsYqCgD+N1mHoqJ/BI/4eV4R2GYg==",
      "license": "MIT"
    },
    "node_modules/randomstring": {
      "version": "1.3.0",
      "resolved": "https://registry.npmjs.org/randomstring/-/randomstring-1.3.0.tgz",
      "integrity": "sha512-gY7aQ4i1BgwZ8I1Op4YseITAyiDiajeZOPQUbIq9TPGPhUm5FX59izIaOpmKbME1nmnEiABf28d9K2VSii6BBg==",
      "license": "MIT",
      "dependencies": {
        "randombytes": "2.0.3"
      },
      "bin": {
        "randomstring": "bin/randomstring"
      },
      "engines": {
        "node": "*"
      }
    }
  }
}
